
Microsoft Visual Studio Solution File, Format Version 11.00
# Visual Studio 2010
Project("{FAE04EC0-301F-11D3-BF4B-00C04F79EFBC}") = "modul 2 timer", "Assembly-CSharp.csproj", "{9FCF9602-6BB0-9A2B-3476-C4FED1A86663}"
EndProject
Global
	GlobalSection(SolutionConfigurationPlatforms) = preSolution
		Debug|Any CPU = Debug|Any CPU
		Release|Any CPU = Release|Any CPU
	EndGlobalSection
	GlobalSection(ProjectConfigurationPlatforms) = postSolution
		{9FCF9602-6BB0-9A2B-3476-C4FED1A86663}.Debug|Any CPU.ActiveCfg = Debug|Any CPU
		{9FCF9602-6BB0-9A2B-3476-C4FED1A86663}.Debug|Any CPU.Build.0 = Debug|Any CPU
		{9FCF9602-6BB0-9A2B-3476-C4FED1A86663}.Release|Any CPU.ActiveCfg = Release|Any CPU
		{9FCF9602-6BB0-9A2B-3476-C4FED1A86663}.Release|Any CPU.Build.0 = Release|Any CPU
	EndGlobalSection
	GlobalSection(SolutionProperties) = preSolution
		HideSolutionNode = FALSE
	EndGlobalSection
	GlobalSection(MonoDevelopProperties) = preSolution
		StartupItem = Assembly-CSharp.csproj
	EndGlobalSection
EndGlobal
